# THIS IS AN AUTOGENERATED FILE. DO NOT EDIT THIS FILE DIRECTLY.
# yarn lockfile v1


three@^0.123.0:
  version "0.123.0"
  resolved "https://registry.yarnpkg.com/three/-/three-0.123.0.tgz#3bb6d8f908a432eb7cd450f7eab6dd40fde53085"
  integrity sha512-KNnx/IbilvoHRkxOtL0ouozoDoElyuvAXhFB21RK7F5IPWSmqyFelICK6x3hJerLNSlAdHxR0hkuvMMhH9pqXg==
